PODS:
  - Expecta (1.0.6)
  - OCMock (3.4.1)
  - Quick (1.2.0)

DEPENDENCIES:
  - Expecta
  - OCMock
  - Quick

SPEC CHECKSUMS:
  Expecta: 3b6bd90a64b9a1dcb0b70aa0e10a7f8f631667d5
  OCMock: 2cd0716969bab32a2283ff3a46fd26a8c8b4c5e3
  Quick: 58d203b1c5e27fff7229c4c1ae445ad7069a7a08

PODFILE CHECKSUM: f0a029b181f562682d167c657b569a4bc2630c95

COCOAPODS: 1.2.1
